
Microsoft Visual Studio Solution File, Format Version 12.00
# Visual Studio Version 17
VisualStudioVersion = 17.6.33712.159
MinimumVisualStudioVersion = 10.0.40219.1
Project("{FAE04EC0-301F-11D3-BF4B-00C04F79EFBC}") = "OsnoviNaTeorijaNaInformaciiProekt", "OsnoviNaTeorijaNaInformaciiProekt\OsnoviNaTeorijaNaInformaciiProekt.csproj", "{ACDF6F4F-66B1-432B-801E-AECC178E0FAC}"
EndProject
Global
	GlobalSection(SolutionConfigurationPlatforms) = preSolution
		Debug|Any CPU = Debug|Any CPU
		Release|Any CPU = Release|Any CPU
	EndGlobalSection
	GlobalSection(ProjectConfigurationPlatforms) = postSolution
		{ACDF6F4F-66B1-432B-801E-AECC178E0FAC}.Debug|Any CPU.ActiveCfg = Debug|Any CPU
		{ACDF6F4F-66B1-432B-801E-AECC178E0FAC}.Debug|Any CPU.Build.0 = Debug|Any CPU
		{ACDF6F4F-66B1-432B-801E-AECC178E0FAC}.Release|Any CPU.ActiveCfg = Release|Any CPU
		{ACDF6F4F-66B1-432B-801E-AECC178E0FAC}.Release|Any CPU.Build.0 = Release|Any CPU
	EndGlobalSection
	GlobalSection(SolutionProperties) = preSolution
		HideSolutionNode = FALSE
	EndGlobalSection
	GlobalSection(ExtensibilityGlobals) = postSolution
		SolutionGuid = {51B775EC-C473-4B1C-A5A6-6288D2AE1913}
	EndGlobalSection
EndGlobal
